// !$*UTF8*$!
{
	archiveVersion = 1;
	classes = {
	};
	objectVersion = 56;
	objects = {

/* Begin PBXBuildFile section */
		E851D21D2A23608100DE7081 /* Animations_in_SwiftUIApp.swift in Sources */ = {isa = PBXBuildFile; fileRef = E851D21C2A23608100DE7081 /* Animations_in_SwiftUIApp.swift */; };
		E851D21F2A23608100DE7081 /* ContentView.swift in Sources */ = {isa = PBXBuildFile; fileRef = E851D21E2A23608100DE7081 /* ContentView.swift */; };
		E851D2212A23608200DE7081 /* Assets.xcassets in Resources */ = {isa = PBXBuildFile; fileRef = E851D2202A23608200DE7081 /* Assets.xcassets */; };
		E851D2242A23608200DE7081 /* Preview Assets.xcassets in Resources */ = {isa = PBXBuildFile; fileRef = E851D2232A23608200DE7081 /* Preview Assets.xcassets */; };
		E8D203CA2A29F661007996E1 /* SavanaView.swift in Sources */ = {isa = PBXBuildFile; fileRef = E8D203C92A29F661007996E1 /* SavanaView.swift */; };
		E8D203CE2A29F6F4007996E1 /* HeroImage.swift in Sources */ = {isa = PBXBuildFile; fileRef = E8D203CD2A29F6F4007996E1 /* HeroImage.swift */; };
		E8D203D02A29F75B007996E1 /* TourTittle.swift in Sources */ = {isa = PBXBuildFile; fileRef = E8D203CF2A29F75B007996E1 /* TourTittle.swift */; };
		E8D203D22A29FA01007996E1 /* MilestonesList.swift in Sources */ = {isa = PBXBuildFile; fileRef = E8D203D12A29FA01007996E1 /* MilestonesList.swift */; };
/* End PBXBuildFile section */

/* Begin PBXFileReference section */
		E851D2192A23608100DE7081 /* Animations in SwiftUI.app */ = {isa = PBXFileReference; explicitFileType = wrapper.application; includeInIndex = 0; path = "Animations in SwiftUI.app"; sourceTree = BUILT_PRODUCTS_DIR; };
		E851D21C2A23608100DE7081 /* Animations_in_SwiftUIApp.swift */ = {isa = PBXFileReference; lastKnownFileType = sourcecode.swift; path = Animations_in_SwiftUIApp.swift; sourceTree = "<group>"; };
		E851D21E2A23608100DE7081 /* ContentView.swift */ = {isa = PBXFileReference; lastKnownFileType = sourcecode.swift; path = ContentView.swift; sourceTree = "<group>"; };
		E851D2202A23608200DE7081 /* Assets.xcassets */ = {isa = PBXFileReference; lastKnownFileType = folder.assetcatalog; path = Assets.xcassets; sourceTree = "<group>"; };
		E851D2232A23608200DE7081 /* Preview Assets.xcassets */ = {isa = PBXFileReference; lastKnownFileType = folder.assetcatalog; path = "Preview Assets.xcassets"; sourceTree = "<group>"; };
		E8D203C92A29F661007996E1 /* SavanaView.swift */ = {isa = PBXFileReference; lastKnownFileType = sourcecode.swift; path = SavanaView.swift; sourceTree = "<group>"; };
		E8D203CD2A29F6F4007996E1 /* HeroImage.swift */ = {isa = PBXFileReference; lastKnownFileType = sourcecode.swift; path = HeroImage.swift; sourceTree = "<group>"; };
		E8D203CF2A29F75B007996E1 /* TourTittle.swift */ = {isa = PBXFileReference; lastKnownFileType = sourcecode.swift; path = TourTittle.swift; sourceTree = "<group>"; };
		E8D203D12A29FA01007996E1 /* MilestonesList.swift */ = {isa = PBXFileReference; lastKnownFileType = sourcecode.swift; path = MilestonesList.swift; sourceTree = "<group>"; };
/* End PBXFileReference section */

/* Begin PBXFrameworksBuildPhase section */
		E851D2162A23608100DE7081 /* Frameworks */ = {
			isa = PBXFrameworksBuildPhase;
			buildActionMask = 2147483647;
			files = (
			);
			runOnlyForDeploymentPostprocessing = 0;
		};
/* End PBXFrameworksBuildPhase section */

/* Begin PBXGroup section */
		E851D2102A23608100DE7081 = {
			isa = PBXGroup;
			children = (
				E851D21B2A23608100DE7081 /* Animations in SwiftUI */,
				E851D21A2A23608100DE7081 /* Products */,
			);
			sourceTree = "<group>";
		};
		E851D21A2A23608100DE7081 /* Products */ = {
			isa = PBXGroup;
			children = (
				E851D2192A23608100DE7081 /* Animations in SwiftUI.app */,
			);
			name = Products;
			sourceTree = "<group>";
		};
		E851D21B2A23608100DE7081 /* Animations in SwiftUI */ = {
			isa = PBXGroup;
			children = (
				E8D203CB2A29F6C3007996E1 /* SavanaToursApp */,
				E8D203C82A29F606007996E1 /* Views */,
				E851D21C2A23608100DE7081 /* Animations_in_SwiftUIApp.swift */,
				E851D2202A23608200DE7081 /* Assets.xcassets */,
				E851D2222A23608200DE7081 /* Preview Content */,
			);
			path = "Animations in SwiftUI";
			sourceTree = "<group>";
		};
		E851D2222A23608200DE7081 /* Preview Content */ = {
			isa = PBXGroup;
			children = (
				E851D2232A23608200DE7081 /* Preview Assets.xcassets */,
			);
			path = "Preview Content";
			sourceTree = "<group>";
		};
		E8D203C82A29F606007996E1 /* Views */ = {
			isa = PBXGroup;
			children = (
				E851D21E2A23608100DE7081 /* ContentView.swift */,
				E8D203C92A29F661007996E1 /* SavanaView.swift */,
			);
			path = Views;
			sourceTree = "<group>";
		};
		E8D203CB2A29F6C3007996E1 /* SavanaToursApp */ = {
			isa = PBXGroup;
			children = (
				E8D203CC2A29F6DF007996E1 /* Views */,
			);
			path = SavanaToursApp;
			sourceTree = "<group>";
		};
		E8D203CC2A29F6DF007996E1 /* Views */ = {
			isa = PBXGroup;
			children = (
				E8D203CD2A29F6F4007996E1 /* HeroImage.swift */,
				E8D203CF2A29F75B007996E1 /* TourTittle.swift */,
				E8D203D12A29FA01007996E1 /* MilestonesList.swift */,
			);
			path = Views;
			sourceTree = "<group>";
		};
/* End PBXGroup section */

/* Begin PBXNativeTarget section */
		E851D2182A23608100DE7081 /* Animations in SwiftUI */ = {
			isa = PBXNativeTarget;
			buildConfigurationList = E851D2272A23608200DE7081 /* Build configuration list for PBXNativeTarget "Animations in SwiftUI" */;
			buildPhases = (
				E851D2152A23608100DE7081 /* Sources */,
				E851D2162A23608100DE7081 /* Frameworks */,
				E851D2172A23608100DE7081 /* Resources */,
			);
			buildRules = (
			);
			dependencies = (
			);
			name = "Animations in SwiftUI";
			productName = "Animations in SwiftUI";
			productReference = E851D2192A23608100DE7081 /* Animations in SwiftUI.app */;
			productType = "com.apple.product-type.application";
		};
/* End PBXNativeTarget section */

/* Begin PBXProject section */
		E851D2112A23608100DE7081 /* Project object */ = {
			isa = PBXProject;
			attributes = {
				BuildIndependentTargetsInParallel = 1;
				LastSwiftUpdateCheck = 1430;
				LastUpgradeCheck = 1430;
				TargetAttributes = {
					E851D2182A23608100DE7081 = {
						CreatedOnToolsVersion = 14.3;
					};
				};
			};
			buildConfigurationList = E851D2142A23608100DE7081 /* Build configuration list for PBXProject "Animations in SwiftUI" */;
			compatibilityVersion = "Xcode 14.0";
			developmentRegion = en;
			hasScannedForEncodings = 0;
			knownRegions = (
				en,
				Base,
			);
			mainGroup = E851D2102A23608100DE7081;
			productRefGroup = E851D21A2A23608100DE7081 /* Products */;
			projectDirPath = "";
			projectRoot = "";
			targets = (
				E851D2182A23608100DE7081 /* Animations in SwiftUI */,
			);
		};
/* End PBXProject section */

/* Begin PBXResourcesBuildPhase section */
		E851D2172A23608100DE7081 /* Resources */ = {
			isa = PBXResourcesBuildPhase;
			buildActionMask = 2147483647;
			files = (
				E851D2242A23608200DE7081 /* Preview Assets.xcassets in Resources */,
				E851D2212A23608200DE7081 /* Assets.xcassets in Resources */,
			);
			runOnlyForDeploymentPostprocessing = 0;
		};
/* End PBXResourcesBuildPhase section */

/* Begin PBXSourcesBuildPhase section */
		E851D2152A23608100DE7081 /* Sources */ = {
			isa = PBXSourcesBuildPhase;
			buildActionMask = 2147483647;
			files = (
				E8D203D22A29FA01007996E1 /* MilestonesList.swift in Sources */,
				E851D21F2A23608100DE7081 /* ContentView.swift in Sources */,
				E8D203D02A29F75B007996E1 /* TourTittle.swift in Sources */,
				E8D203CA2A29F661007996E1 /* SavanaView.swift in Sources */,
				E851D21D2A23608100DE7081 /* Animations_in_SwiftUIApp.swift in Sources */,
				E8D203CE2A29F6F4007996E1 /* HeroImage.swift in Sources */,
			);
			runOnlyForDeploymentPostprocessing = 0;
		};
/* End PBXSourcesBuildPhase section */

/* Begin XCBuildConfiguration section */
		E851D2252A23608200DE7081 /* Debug */ = {
			isa = XCBuildConfiguration;
			buildSettings = {
				ALWAYS_SEARCH_USER_PATHS = NO;
				CLANG_ANALYZER_NONNULL = YES;
				CLANG_ANALYZER_NUMBER_OBJECT_CONVERSION = YES_AGGRESSIVE;
				CLANG_CXX_LANGUAGE_STANDARD = "gnu++20";
				CLANG_ENABLE_MODULES = YES;
				CLANG_ENABLE_OBJC_ARC = YES;
				CLANG_ENABLE_OBJC_WEAK = YES;
				CLANG_WARN_BLOCK_CAPTURE_AUTORELEASING = YES;
				CLANG_WARN_BOOL_CONVERSION = YES;
				CLANG_WARN_COMMA = YES;
				CLANG_WARN_CONSTANT_CONVERSION = YES;
				CLANG_WARN_DEPRECATED_OBJC_IMPLEMENTATIONS = YES;
				CLANG_WARN_DIRECT_OBJC_ISA_USAGE = YES_ERROR;
				CLANG_WARN_DOCUMENTATION_COMMENTS = YES;
				CLANG_WARN_EMPTY_BODY = YES;
				CLANG_WARN_ENUM_CONVERSION = YES;
				CLANG_WARN_INFINITE_RECURSION = YES;
				CLANG_WARN_INT_CONVERSION = YES;
				CLANG_WARN_NON_LITERAL_NULL_CONVERSION = YES;
				CLANG_WARN_OBJC_IMPLICIT_RETAIN_SELF = YES;
				CLANG_WARN_OBJC_LITERAL_CONVERSION = YES;
				CLANG_WARN_OBJC_ROOT_CLASS = YES_ERROR;
				CLANG_WARN_QUOTED_INCLUDE_IN_FRAMEWORK_HEADER = YES;
				CLANG_WARN_RANGE_LOOP_ANALYSIS = YES;
				CLANG_WARN_STRICT_PROTOTYPES = YES;
				CLANG_WARN_SUSPICIOUS_MOVE = YES;
				CLANG_WARN_UNGUARDED_AVAILABILITY = YES_AGGRESSIVE;
				CLANG_WARN_UNREACHABLE_CODE = YES;
				CLANG_WARN__DUPLICATE_METHOD_MATCH = YES;
				COPY_PHASE_STRIP = NO;
				DEBUG_INFORMATION_FORMAT = dwarf;
				ENABLE_STRICT_OBJC_MSGSEND = YES;
				ENABLE_TESTABILITY = YES;
				GCC_C_LANGUAGE_STANDARD = gnu11;
				GCC_DYNAMIC_NO_PIC = NO;
				GCC_NO_COMMON_BLOCKS = YES;
				GCC_OPTIMIZATION_LEVEL = 0;
				GCC_PREPROCESSOR_DEFINITIONS = (
					"DEBUG=1",
					"$(inherited)",
				);
				GCC_WARN_64_TO_32_BIT_CONVERSION = YES;
				GCC_WARN_ABOUT_RETURN_TYPE = YES_ERROR;
				GCC_WARN_UNDECLARED_SELECTOR = YES;
				GCC_WARN_UNINITIALIZED_AUTOS = YES_AGGRESSIVE;
				GCC_WARN_UNUSED_FUNCTION = YES;
				GCC_WARN_UNUSED_VARIABLE = YES;
				IPHONEOS_DEPLOYMENT_TARGET = 16.4;
				MTL_ENABLE_DEBUG_INFO = INCLUDE_SOURCE;
				MTL_FAST_MATH = YES;
				ONLY_ACTIVE_ARCH = YES;
				SDKROOT = iphoneos;
				SWIFT_ACTIVE_COMPILATION_CONDITIONS = DEBUG;
				SWIFT_OPTIMIZATION_LEVEL = "-Onone";
			};
			name = Debug;
		};
		E851D2262A23608200DE7081 /* Release */ = {
			isa = XCBuildConfiguration;
			buildSettings = {
				ALWAYS_SEARCH_USER_PATHS = NO;
				CLANG_ANALYZER_NONNULL = YES;
				CLANG_ANALYZER_NUMBER_OBJECT_CONVERSION = YES_AGGRESSIVE;
				CLANG_CXX_LANGUAGE_STANDARD = "gnu++20";
				CLANG_ENABLE_MODULES = YES;
				CLANG_ENABLE_OBJC_ARC = YES;
				CLANG_ENABLE_OBJC_WEAK = YES;
				CLANG_WARN_BLOCK_CAPTURE_AUTORELEASING = YES;
				CLANG_WARN_BOOL_CONVERSION = YES;
				CLANG_WARN_COMMA = YES;
				CLANG_WARN_CONSTANT_CONVERSION = YES;
				CLANG_WARN_DEPRECATED_OBJC_IMPLEMENTATIONS = YES;
				CLANG_WARN_DIRECT_OBJC_ISA_USAGE = YES_ERROR;
				CLANG_WARN_DOCUMENTATION_COMMENTS = YES;
				CLANG_WARN_EMPTY_BODY = YES;
				CLANG_WARN_ENUM_CONVERSION = YES;
				CLANG_WARN_INFINITE_RECURSION = YES;
				CLANG_WARN_INT_CONVERSION = YES;
				CLANG_WARN_NON_LITERAL_NULL_CONVERSION = YES;
				CLANG_WARN_OBJC_IMPLICIT_RETAIN_SELF = YES;
				CLANG_WARN_OBJC_LITERAL_CONVERSION = YES;
				CLANG_WARN_OBJC_ROOT_CLASS = YES_ERROR;
				CLANG_WARN_QUOTED_INCLUDE_IN_FRAMEWORK_HEADER = YES;
				CLANG_WARN_RANGE_LOOP_ANALYSIS = YES;
				CLANG_WARN_STRICT_PROTOTYPES = YES;
				CLANG_WARN_SUSPICIOUS_MOVE = YES;
				CLANG_WARN_UNGUARDED_AVAILABILITY = YES_AGGRESSIVE;
				CLANG_WARN_UNREACHABLE_CODE = YES;
				CLANG_WARN__DUPLICATE_METHOD_MATCH = YES;
				COPY_PHASE_STRIP = NO;
				DEBUG_INFORMATION_FORMAT = "dwarf-with-dsym";
				ENABLE_NS_ASSERTIONS = NO;
				ENABLE_STRICT_OBJC_MSGSEND = YES;
				GCC_C_LANGUAGE_STANDARD = gnu11;
				GCC_NO_COMMON_BLOCKS = YES;
				GCC_WARN_64_TO_32_BIT_CONVERSION = YES;
				GCC_WARN_ABOUT_RETURN_TYPE = YES_ERROR;
				GCC_WARN_UNDECLARED_SELECTOR = YES;
				GCC_WARN_UNINITIALIZED_AUTOS = YES_AGGRESSIVE;
				GCC_WARN_UNUSED_FUNCTION = YES;
				GCC_WARN_UNUSED_VARIABLE = YES;
				IPHONEOS_DEPLOYMENT_TARGET = 16.4;
				MTL_ENABLE_DEBUG_INFO = NO;
				MTL_FAST_MATH = YES;
				SDKROOT = iphoneos;
				SWIFT_COMPILATION_MODE = wholemodule;
				SWIFT_OPTIMIZATION_LEVEL = "-O";
				VALIDATE_PRODUCT = YES;
			};
			name = Release;
		};
		E851D2282A23608200DE7081 /* Debug */ = {
			isa = XCBuildConfiguration;
			buildSettings = {
				ASSETCATALOG_COMPILER_APPICON_NAME = AppIcon;
				ASSETCATALOG_COMPILER_GLOBAL_ACCENT_COLOR_NAME = AccentColor;
				CODE_SIGN_STYLE = Automatic;
				CURRENT_PROJECT_VERSION = 1;
				DEVELOPMENT_ASSET_PATHS = "\"Animations in SwiftUI/Preview Content\"";
				DEVELOPMENT_TEAM = 2Q7FR5CHKB;
				ENABLE_PREVIEWS = YES;
				GENERATE_INFOPLIST_FILE = YES;
				INFOPLIST_KEY_UIApplicationSceneManifest_Generation = YES;
				INFOPLIST_KEY_UIApplicationSupportsIndirectInputEvents = YES;
				INFOPLIST_KEY_UILaunchScreen_Generation = YES;
				INFOPLIST_KEY_UISupportedInterfaceOrientations_iPad = "UIInterfaceOrientationPortrait UIInterfaceOrientationPortraitUpsideDown UIInterfaceOrientationLandscapeLeft UIInterfaceOrientationLandscapeRight";
				INFOPLIST_KEY_UISupportedInterfaceOrientations_iPhone = "UIInterfaceOrientationPortrait UIInterfaceOrientationLandscapeLeft UIInterfaceOrientationLandscapeRight";
				LD_RUNPATH_SEARCH_PATHS = (
					"$(inherited)",
					"@executable_path/Frameworks",
				);
				MARKETING_VERSION = 1.0;
				PRODUCT_BUNDLE_IDENTIFIER = "com.Reyganstorm.Animations-in-SwiftUI";
				PRODUCT_NAME = "$(TARGET_NAME)";
				SWIFT_EMIT_LOC_STRINGS = YES;
				SWIFT_VERSION = 5.0;
				TARGETED_DEVICE_FAMILY = "1,2";
			};
			name = Debug;
		};
		E851D2292A23608200DE7081 /* Release */ = {
			isa = XCBuildConfiguration;
			buildSettings = {
				ASSETCATALOG_COMPILER_APPICON_NAME = AppIcon;
				ASSETCATALOG_COMPILER_GLOBAL_ACCENT_COLOR_NAME = AccentColor;
				CODE_SIGN_STYLE = Automatic;
				CURRENT_PROJECT_VERSION = 1;
				DEVELOPMENT_ASSET_PATHS = "\"Animations in SwiftUI/Preview Content\"";
				DEVELOPMENT_TEAM = 2Q7FR5CHKB;
				ENABLE_PREVIEWS = YES;
				GENERATE_INFOPLIST_FILE = YES;
				INFOPLIST_KEY_UIApplicationSceneManifest_Generation = YES;
				INFOPLIST_KEY_UIApplicationSupportsIndirectInputEvents = YES;
				INFOPLIST_KEY_UILaunchScreen_Generation = YES;
				INFOPLIST_KEY_UISupportedInterfaceOrientations_iPad = "UIInterfaceOrientationPortrait UIInterfaceOrientationPortraitUpsideDown UIInterfaceOrientationLandscapeLeft UIInterfaceOrientationLandscapeRight";
				INFOPLIST_KEY_UISupportedInterfaceOrientations_iPhone = "UIInterfaceOrientationPortrait UIInterfaceOrientationLandscapeLeft UIInterfaceOrientationLandscapeRight";
				LD_RUNPATH_SEARCH_PATHS = (
					"$(inherited)",
					"@executable_path/Frameworks",
				);
				MARKETING_VERSION = 1.0;
				PRODUCT_BUNDLE_IDENTIFIER = "com.Reyganstorm.Animations-in-SwiftUI";
				PRODUCT_NAME = "$(TARGET_NAME)";
				SWIFT_EMIT_LOC_STRINGS = YES;
				SWIFT_VERSION = 5.0;
				TARGETED_DEVICE_FAMILY = "1,2";
			};
			name = Release;
		};
/* End XCBuildConfiguration section */

/* Begin XCConfigurationList section */
		E851D2142A23608100DE7081 /* Build configuration list for PBXProject "Animations in SwiftUI" */ = {
			isa = XCConfigurationList;
			buildConfigurations = (
				E851D2252A23608200DE7081 /* Debug */,
				E851D2262A23608200DE7081 /* Release */,
			);
			defaultConfigurationIsVisible = 0;
			defaultConfigurationName = Release;
		};
		E851D2272A23608200DE7081 /* Build configuration list for PBXNativeTarget "Animations in SwiftUI" */ = {
			isa = XCConfigurationList;
			buildConfigurations = (
				E851D2282A23608200DE7081 /* Debug */,
				E851D2292A23608200DE7081 /* Release */,
			);
			defaultConfigurationIsVisible = 0;
			defaultConfigurationName = Release;
		};
/* End XCConfigurationList section */
	};
	rootObject = E851D2112A23608100DE7081 /* Project object */;
}
